
Microsoft Visual Studio Solution File, Format Version 12.00
# Visual Studio Version 17
VisualStudioVersion = 17.14.36212.18 d17.14
MinimumVisualStudioVersion = 10.0.40219.1
Project("{FAE04EC0-301F-11D3-BF4B-00C04F79EFBC}") = "Lol Overlay MVVM", "Lol Overlay MVVM\Lol Overlay MVVM.csproj", "{0711D8D0-95CF-41A2-A30A-4BF1E8615C9C}"
EndProject
Global
	GlobalSection(SolutionConfigurationPlatforms) = preSolution
		Debug|Any CPU = Debug|Any CPU
		Release|Any CPU = Release|Any CPU
	EndGlobalSection
	GlobalSection(ProjectConfigurationPlatforms) = postSolution
		{0711D8D0-95CF-41A2-A30A-4BF1E8615C9C}.Debug|Any CPU.ActiveCfg = Debug|Any CPU
		{0711D8D0-95CF-41A2-A30A-4BF1E8615C9C}.Debug|Any CPU.Build.0 = Debug|Any CPU
		{0711D8D0-95CF-41A2-A30A-4BF1E8615C9C}.Release|Any CPU.ActiveCfg = Release|Any CPU
		{0711D8D0-95CF-41A2-A30A-4BF1E8615C9C}.Release|Any CPU.Build.0 = Release|Any CPU
	EndGlobalSection
	GlobalSection(SolutionProperties) = preSolution
		HideSolutionNode = FALSE
	EndGlobalSection
	GlobalSection(ExtensibilityGlobals) = postSolution
		SolutionGuid = {2A95041C-76BE-4219-BE61-3AF4E5D8451F}
	EndGlobalSection
EndGlobal
